// !$*UTF8*$!
{
	archiveVersion = 1;
	classes = {
	};
	objectVersion = 51;
	objects = {

/* Begin PBXBuildFile section */
		45FFC068B4D3A2A6986AFAE6 /* Pods_MyFitnessTreckerTests.framework in Frameworks */ = {isa = PBXBuildFile; fileRef = 94A47395094EB71D5838B505 /* Pods_MyFitnessTreckerTests.framework */; };
		5C8A066778ADC062E8F18230 /* Pods_MyFitnessTrecker_MyFitnessTreckerUITests.framework in Frameworks */ = {isa = PBXBuildFile; fileRef = C2A94FFB89A876762947A779 /* Pods_MyFitnessTrecker_MyFitnessTreckerUITests.framework */; };
		73E7BCEC2490BB5D00C091B5 /* AppDelegate.swift in Sources */ = {isa = PBXBuildFile; fileRef = 73E7BCEB2490BB5D00C091B5 /* AppDelegate.swift */; };
		73E7BCEE2490BB5D00C091B5 /* SceneDelegate.swift in Sources */ = {isa = PBXBuildFile; fileRef = 73E7BCED2490BB5D00C091B5 /* SceneDelegate.swift */; };
		73E7BCF52490BB6500C091B5 /* Assets.xcassets in Resources */ = {isa = PBXBuildFile; fileRef = 73E7BCF42490BB6500C091B5 /* Assets.xcassets */; };
		73E7BCF82490BB6500C091B5 /* LaunchScreen.storyboard in Resources */ = {isa = PBXBuildFile; fileRef = 73E7BCF62490BB6500C091B5 /* LaunchScreen.storyboard */; };
		73E7BD032490BB6500C091B5 /* MyFitnessTreckerTests.swift in Sources */ = {isa = PBXBuildFile; fileRef = 73E7BD022490BB6500C091B5 /* MyFitnessTreckerTests.swift */; };
		73E7BD0E2490BB6500C091B5 /* MyFitnessTreckerUITests.swift in Sources */ = {isa = PBXBuildFile; fileRef = 73E7BD0D2490BB6500C091B5 /* MyFitnessTreckerUITests.swift */; };
		73E7BD242490CC2000C091B5 /* LoginViewController.swift in Sources */ = {isa = PBXBuildFile; fileRef = 73E7BD232490CC2000C091B5 /* LoginViewController.swift */; };
		73E7BD282490CC6300C091B5 /* MapViewController.swift in Sources */ = {isa = PBXBuildFile; fileRef = 73E7BD272490CC6300C091B5 /* MapViewController.swift */; };
		73E7BD2A2490CC9800C091B5 /* MapView.swift in Sources */ = {isa = PBXBuildFile; fileRef = 73E7BD292490CC9800C091B5 /* MapView.swift */; };
		73E7BD2C2490CCB900C091B5 /* MapViewPresenter.swift in Sources */ = {isa = PBXBuildFile; fileRef = 73E7BD2B2490CCB900C091B5 /* MapViewPresenter.swift */; };
		73E7BD2E2490CCC100C091B5 /* MapViewRouter.swift in Sources */ = {isa = PBXBuildFile; fileRef = 73E7BD2D2490CCC100C091B5 /* MapViewRouter.swift */; };
		73E7BD302490CCC700C091B5 /* MapViewAssembly.swift in Sources */ = {isa = PBXBuildFile; fileRef = 73E7BD2F2490CCC700C091B5 /* MapViewAssembly.swift */; };
		73E7BD322490CCCF00C091B5 /* LoginViewPresenter.swift in Sources */ = {isa = PBXBuildFile; fileRef = 73E7BD312490CCCF00C091B5 /* LoginViewPresenter.swift */; };
		73E7BD342490CCD500C091B5 /* LoginViewRouter.swift in Sources */ = {isa = PBXBuildFile; fileRef = 73E7BD332490CCD500C091B5 /* LoginViewRouter.swift */; };
		73E7BD362490CCDA00C091B5 /* LoginViewAssembly.swift in Sources */ = {isa = PBXBuildFile; fileRef = 73E7BD352490CCDA00C091B5 /* LoginViewAssembly.swift */; };
		73E7BD3D2490CE5600C091B5 /* AbstractErrorParser.swift in Sources */ = {isa = PBXBuildFile; fileRef = 73E7BD382490CE5600C091B5 /* AbstractErrorParser.swift */; };
		73E7BD3E2490CE5600C091B5 /* ErrorParser.swift in Sources */ = {isa = PBXBuildFile; fileRef = 73E7BD392490CE5600C091B5 /* ErrorParser.swift */; };
		73E7BD3F2490CE5600C091B5 /* RequestRouter.swift in Sources */ = {isa = PBXBuildFile; fileRef = 73E7BD3A2490CE5600C091B5 /* RequestRouter.swift */; };
		73E7BD402490CE5600C091B5 /* DataRequest.swift in Sources */ = {isa = PBXBuildFile; fileRef = 73E7BD3B2490CE5600C091B5 /* DataRequest.swift */; };
		73E7BD412490CE5600C091B5 /* AuthRequestFactory.swift in Sources */ = {isa = PBXBuildFile; fileRef = 73E7BD3C2490CE5600C091B5 /* AuthRequestFactory.swift */; };
		73E7BD432490CF4000C091B5 /* RequestFactory.swift in Sources */ = {isa = PBXBuildFile; fileRef = 73E7BD422490CF4000C091B5 /* RequestFactory.swift */; };
		73E7BD452490CFB900C091B5 /* Auth.swift in Sources */ = {isa = PBXBuildFile; fileRef = 73E7BD442490CFB900C091B5 /* Auth.swift */; };
		73E7BD472490D09F00C091B5 /* LoginView.swift in Sources */ = {isa = PBXBuildFile; fileRef = 73E7BD462490D09F00C091B5 /* LoginView.swift */; };
		73E7BD492490D25A00C091B5 /* Constraints.swift in Sources */ = {isa = PBXBuildFile; fileRef = 73E7BD482490D25A00C091B5 /* Constraints.swift */; };
		73E7BD4B2490D75C00C091B5 /* UIView+Extension.swift in Sources */ = {isa = PBXBuildFile; fileRef = 73E7BD4A2490D75C00C091B5 /* UIView+Extension.swift */; };
		73E7BD4D2490D78900C091B5 /* MapSnapShot.png in Resources */ = {isa = PBXBuildFile; fileRef = 73E7BD4C2490D78900C091B5 /* MapSnapShot.png */; };
		73E7BD4F2490FA9C00C091B5 /* center.png in Resources */ = {isa = PBXBuildFile; fileRef = 73E7BD4E2490FA9C00C091B5 /* center.png */; };
		73E7BD532491066C00C091B5 /* go.png in Resources */ = {isa = PBXBuildFile; fileRef = 73E7BD522491066C00C091B5 /* go.png */; };
		73E7BD5724911FA400C091B5 /* step.png in Resources */ = {isa = PBXBuildFile; fileRef = 73E7BD5624911FA300C091B5 /* step.png */; };
		7BFBB74B90A42C9D6C00AECB /* Pods_MyFitnessTrecker.framework in Frameworks */ = {isa = PBXBuildFile; fileRef = B27CE094418E0201A6E932DD /* Pods_MyFitnessTrecker.framework */; };
/* End PBXBuildFile section */

/* Begin PBXContainerItemProxy section */
		73E7BCFF2490BB6500C091B5 /* PBXContainerItemProxy */ = {
			isa = PBXContainerItemProxy;
			containerPortal = 73E7BCE02490BB5D00C091B5 /* Project object */;
			proxyType = 1;
			remoteGlobalIDString = 73E7BCE72490BB5D00C091B5;
			remoteInfo = MyFitnessTrecker;
		};
		73E7BD0A2490BB6500C091B5 /* PBXContainerItemProxy */ = {
			isa = PBXContainerItemProxy;
			containerPortal = 73E7BCE02490BB5D00C091B5 /* Project object */;
			proxyType = 1;
			remoteGlobalIDString = 73E7BCE72490BB5D00C091B5;
			remoteInfo = MyFitnessTrecker;
		};
/* End PBXContainerItemProxy section */

/* Begin PBXFileReference section */
		369B6005B213E5036E43ECC2 /* Pods-MyFitnessTrecker-MyFitnessTreckerUITests.release.xcconfig */ = {isa = PBXFileReference; includeInIndex = 1; lastKnownFileType = text.xcconfig; name = "Pods-MyFitnessTrecker-MyFitnessTreckerUITests.release.xcconfig"; path = "Target Support Files/Pods-MyFitnessTrecker-MyFitnessTreckerUITests/Pods-MyFitnessTrecker-MyFitnessTreckerUITests.release.xcconfig"; sourceTree = "<group>"; };
		68B7AFF8BB7E5B196D7F6610 /* Pods-MyFitnessTreckerTests.debug.xcconfig */ = {isa = PBXFileReference; includeInIndex = 1; lastKnownFileType = text.xcconfig; name = "Pods-MyFitnessTreckerTests.debug.xcconfig"; path = "Target Support Files/Pods-MyFitnessTreckerTests/Pods-MyFitnessTreckerTests.debug.xcconfig"; sourceTree = "<group>"; };
		69B774B4DA42BDD490103FEF /* Pods-MyFitnessTrecker.release.xcconfig */ = {isa = PBXFileReference; includeInIndex = 1; lastKnownFileType = text.xcconfig; name = "Pods-MyFitnessTrecker.release.xcconfig"; path = "Target Support Files/Pods-MyFitnessTrecker/Pods-MyFitnessTrecker.release.xcconfig"; sourceTree = "<group>"; };
		73E7BCE82490BB5D00C091B5 /* MyFitnessTrecker.app */ = {isa = PBXFileReference; explicitFileType = wrapper.application; includeInIndex = 0; path = MyFitnessTrecker.app; sourceTree = BUILT_PRODUCTS_DIR; };
		73E7BCEB2490BB5D00C091B5 /* AppDelegate.swift */ = {isa = PBXFileReference; lastKnownFileType = sourcecode.swift; path = AppDelegate.swift; sourceTree = "<group>"; };
		73E7BCED2490BB5D00C091B5 /* SceneDelegate.swift */ = {isa = PBXFileReference; lastKnownFileType = sourcecode.swift; path = SceneDelegate.swift; sourceTree = "<group>"; };
		73E7BCF42490BB6500C091B5 /* Assets.xcassets */ = {isa = PBXFileReference; lastKnownFileType = folder.assetcatalog; path = Assets.xcassets; sourceTree = "<group>"; };
		73E7BCF72490BB6500C091B5 /* Base */ = {isa = PBXFileReference; lastKnownFileType = file.storyboard; name = Base; path = Base.lproj/LaunchScreen.storyboard; sourceTree = "<group>"; };
		73E7BCF92490BB6500C091B5 /* Info.plist */ = {isa = PBXFileReference; lastKnownFileType = text.plist.xml; path = Info.plist; sourceTree = "<group>"; };
		73E7BCFE2490BB6500C091B5 /* MyFitnessTreckerTests.xctest */ = {isa = PBXFileReference; explicitFileType = wrapper.cfbundle; includeInIndex = 0; path = MyFitnessTreckerTests.xctest; sourceTree = BUILT_PRODUCTS_DIR; };
		73E7BD022490BB6500C091B5 /* MyFitnessTreckerTests.swift */ = {isa = PBXFileReference; lastKnownFileType = sourcecode.swift; path = MyFitnessTreckerTests.swift; sourceTree = "<group>"; };
		73E7BD042490BB6500C091B5 /* Info.plist */ = {isa = PBXFileReference; lastKnownFileType = text.plist.xml; path = Info.plist; sourceTree = "<group>"; };
		73E7BD092490BB6500C091B5 /* MyFitnessTreckerUITests.xctest */ = {isa = PBXFileReference; explicitFileType = wrapper.cfbundle; includeInIndex = 0; path = MyFitnessTreckerUITests.xctest; sourceTree = BUILT_PRODUCTS_DIR; };
		73E7BD0D2490BB6500C091B5 /* MyFitnessTreckerUITests.swift */ = {isa = PBXFileReference; lastKnownFileType = sourcecode.swift; path = MyFitnessTreckerUITests.swift; sourceTree = "<group>"; };
		73E7BD0F2490BB6500C091B5 /* Info.plist */ = {isa = PBXFileReference; lastKnownFileType = text.plist.xml; path = Info.plist; sourceTree = "<group>"; };
		73E7BD232490CC2000C091B5 /* LoginViewController.swift */ = {isa = PBXFileReference; lastKnownFileType = sourcecode.swift; path = LoginViewController.swift; sourceTree = "<group>"; };
		73E7BD272490CC6300C091B5 /* MapViewController.swift */ = {isa = PBXFileReference; lastKnownFileType = sourcecode.swift; path = MapViewController.swift; sourceTree = "<group>"; };
		73E7BD292490CC9800C091B5 /* MapView.swift */ = {isa = PBXFileReference; lastKnownFileType = sourcecode.swift; path = MapView.swift; sourceTree = "<group>"; };
		73E7BD2B2490CCB900C091B5 /* MapViewPresenter.swift */ = {isa = PBXFileReference; fileEncoding = 4; lastKnownFileType = sourcecode.swift; path = MapViewPresenter.swift; sourceTree = "<group>"; };
		73E7BD2D2490CCC100C091B5 /* MapViewRouter.swift */ = {isa = PBXFileReference; fileEncoding = 4; lastKnownFileType = sourcecode.swift; path = MapViewRouter.swift; sourceTree = "<group>"; };
		73E7BD2F2490CCC700C091B5 /* MapViewAssembly.swift */ = {isa = PBXFileReference; fileEncoding = 4; lastKnownFileType = sourcecode.swift; path = MapViewAssembly.swift; sourceTree = "<group>"; };
		73E7BD312490CCCF00C091B5 /* LoginViewPresenter.swift */ = {isa = PBXFileReference; fileEncoding = 4; lastKnownFileType = sourcecode.swift; path = LoginViewPresenter.swift; sourceTree = "<group>"; };
		73E7BD332490CCD500C091B5 /* LoginViewRouter.swift */ = {isa = PBXFileReference; fileEncoding = 4; lastKnownFileType = sourcecode.swift; path = LoginViewRouter.swift; sourceTree = "<group>"; };
		73E7BD352490CCDA00C091B5 /* LoginViewAssembly.swift */ = {isa = PBXFileReference; fileEncoding = 4; lastKnownFileType = sourcecode.swift; path = LoginViewAssembly.swift; sourceTree = "<group>"; };
		73E7BD382490CE5600C091B5 /* AbstractErrorParser.swift */ = {isa = PBXFileReference; fileEncoding = 4; lastKnownFileType = sourcecode.swift; path = AbstractErrorParser.swift; sourceTree = "<group>"; };
		73E7BD392490CE5600C091B5 /* ErrorParser.swift */ = {isa = PBXFileReference; fileEncoding = 4; lastKnownFileType = sourcecode.swift; path = ErrorParser.swift; sourceTree = "<group>"; };
		73E7BD3A2490CE5600C091B5 /* RequestRouter.swift */ = {isa = PBXFileReference; fileEncoding = 4; lastKnownFileType = sourcecode.swift; path = RequestRouter.swift; sourceTree = "<group>"; };
		73E7BD3B2490CE5600C091B5 /* DataRequest.swift */ = {isa = PBXFileReference; fileEncoding = 4; lastKnownFileType = sourcecode.swift; path = DataRequest.swift; sourceTree = "<group>"; };
		73E7BD3C2490CE5600C091B5 /* AuthRequestFactory.swift */ = {isa = PBXFileReference; fileEncoding = 4; lastKnownFileType = sourcecode.swift; path = AuthRequestFactory.swift; sourceTree = "<group>"; };
		73E7BD422490CF4000C091B5 /* RequestFactory.swift */ = {isa = PBXFileReference; fileEncoding = 4; lastKnownFileType = sourcecode.swift; path = RequestFactory.swift; sourceTree = "<group>"; };
		73E7BD442490CFB900C091B5 /* Auth.swift */ = {isa = PBXFileReference; fileEncoding = 4; lastKnownFileType = sourcecode.swift; path = Auth.swift; sourceTree = "<group>"; };
		73E7BD462490D09F00C091B5 /* LoginView.swift */ = {isa = PBXFileReference; lastKnownFileType = sourcecode.swift; path = LoginView.swift; sourceTree = "<group>"; };
		73E7BD482490D25A00C091B5 /* Constraints.swift */ = {isa = PBXFileReference; fileEncoding = 4; lastKnownFileType = sourcecode.swift; path = Constraints.swift; sourceTree = "<group>"; };
		73E7BD4A2490D75C00C091B5 /* UIView+Extension.swift */ = {isa = PBXFileReference; lastKnownFileType = sourcecode.swift; path = "UIView+Extension.swift"; sourceTree = "<group>"; };
		73E7BD4C2490D78900C091B5 /* MapSnapShot.png */ = {isa = PBXFileReference; lastKnownFileType = image.png; path = MapSnapShot.png; sourceTree = "<group>"; };
		73E7BD4E2490FA9C00C091B5 /* center.png */ = {isa = PBXFileReference; lastKnownFileType = image.png; path = center.png; sourceTree = "<group>"; };
		73E7BD522491066C00C091B5 /* go.png */ = {isa = PBXFileReference; lastKnownFileType = image.png; path = go.png; sourceTree = "<group>"; };
		73E7BD5624911FA300C091B5 /* step.png */ = {isa = PBXFileReference; lastKnownFileType = image.png; path = step.png; sourceTree = "<group>"; };
		94A47395094EB71D5838B505 /* Pods_MyFitnessTreckerTests.framework */ = {isa = PBXFileReference; explicitFileType = wrapper.framework; includeInIndex = 0; path = Pods_MyFitnessTreckerTests.framework; sourceTree = BUILT_PRODUCTS_DIR; };
		B27CE094418E0201A6E932DD /* Pods_MyFitnessTrecker.framework */ = {isa = PBXFileReference; explicitFileType = wrapper.framework; includeInIndex = 0; path = Pods_MyFitnessTrecker.framework; sourceTree = BUILT_PRODUCTS_DIR; };
		B63884E4D93398A25411A7DD /* Pods-MyFitnessTreckerTests.release.xcconfig */ = {isa = PBXFileReference; includeInIndex = 1; lastKnownFileType = text.xcconfig; name = "Pods-MyFitnessTreckerTests.release.xcconfig"; path = "Target Support Files/Pods-MyFitnessTreckerTests/Pods-MyFitnessTreckerTests.release.xcconfig"; sourceTree = "<group>"; };
		B9611AFEDBE4A253DE65F619 /* Pods-MyFitnessTrecker-MyFitnessTreckerUITests.debug.xcconfig */ = {isa = PBXFileReference; includeInIndex = 1; lastKnownFileType = text.xcconfig; name = "Pods-MyFitnessTrecker-MyFitnessTreckerUITests.debug.xcconfig"; path = "Target Support Files/Pods-MyFitnessTrecker-MyFitnessTreckerUITests/Pods-MyFitnessTrecker-MyFitnessTreckerUITests.debug.xcconfig"; sourceTree = "<group>"; };
		C2A94FFB89A876762947A779 /* Pods_MyFitnessTrecker_MyFitnessTreckerUITests.framework */ = {isa = PBXFileReference; explicitFileType = wrapper.framework; includeInIndex = 0; path = Pods_MyFitnessTrecker_MyFitnessTreckerUITests.framework; sourceTree = BUILT_PRODUCTS_DIR; };
		D3ABBC8C1C211C511AC32380 /* Pods-MyFitnessTrecker.debug.xcconfig */ = {isa = PBXFileReference; includeInIndex = 1; lastKnownFileType = text.xcconfig; name = "Pods-MyFitnessTrecker.debug.xcconfig"; path = "Target Support Files/Pods-MyFitnessTrecker/Pods-MyFitnessTrecker.debug.xcconfig"; sourceTree = "<group>"; };
/* End PBXFileReference section */

/* Begin PBXFrameworksBuildPhase section */
		73E7BCE52490BB5D00C091B5 /* Frameworks */ = {
			isa = PBXFrameworksBuildPhase;
			buildActionMask = 2147483647;
			files = (
				7BFBB74B90A42C9D6C00AECB /* Pods_MyFitnessTrecker.framework in Frameworks */,
			);
			runOnlyForDeploymentPostprocessing = 0;
		};
		73E7BCFB2490BB6500C091B5 /* Frameworks */ = {
			isa = PBXFrameworksBuildPhase;
			buildActionMask = 2147483647;
			files = (
				45FFC068B4D3A2A6986AFAE6 /* Pods_MyFitnessTreckerTests.framework in Frameworks */,
			);
			runOnlyForDeploymentPostprocessing = 0;
		};
		73E7BD062490BB6500C091B5 /* Frameworks */ = {
			isa = PBXFrameworksBuildPhase;
			buildActionMask = 2147483647;
			files = (
				5C8A066778ADC062E8F18230 /* Pods_MyFitnessTrecker_MyFitnessTreckerUITests.framework in Frameworks */,
			);
			runOnlyForDeploymentPostprocessing = 0;
		};
/* End PBXFrameworksBuildPhase section */

/* Begin PBXGroup section */
		6213AC8CC86550F736B5AEDE /* Frameworks */ = {
			isa = PBXGroup;
			children = (
				B27CE094418E0201A6E932DD /* Pods_MyFitnessTrecker.framework */,
				C2A94FFB89A876762947A779 /* Pods_MyFitnessTrecker_MyFitnessTreckerUITests.framework */,
				94A47395094EB71D5838B505 /* Pods_MyFitnessTreckerTests.framework */,
			);
			name = Frameworks;
			sourceTree = "<group>";
		};
		73E7BCDF2490BB5D00C091B5 = {
			isa = PBXGroup;
			children = (
				73E7BCEA2490BB5D00C091B5 /* MyFitnessTrecker */,
				73E7BD012490BB6500C091B5 /* MyFitnessTreckerTests */,
				73E7BD0C2490BB6500C091B5 /* MyFitnessTreckerUITests */,
				73E7BCE92490BB5D00C091B5 /* Products */,
				CF20E42CD36AD6E3A44AE0C4 /* Pods */,
				6213AC8CC86550F736B5AEDE /* Frameworks */,
			);
			sourceTree = "<group>";
		};
		73E7BCE92490BB5D00C091B5 /* Products */ = {
			isa = PBXGroup;
			children = (
				73E7BCE82490BB5D00C091B5 /* MyFitnessTrecker.app */,
				73E7BCFE2490BB6500C091B5 /* MyFitnessTreckerTests.xctest */,
				73E7BD092490BB6500C091B5 /* MyFitnessTreckerUITests.xctest */,
			);
			name = Products;
			sourceTree = "<group>";
		};
		73E7BCEA2490BB5D00C091B5 /* MyFitnessTrecker */ = {
			isa = PBXGroup;
			children = (
				73E7BD222490CADD00C091B5 /* Enviroments */,
				73E7BD212490CACC00C091B5 /* Resourses */,
				73E7BD202490CAC300C091B5 /* Core */,
				73E7BD1B2490CA7A00C091B5 /* App */,
			);
			path = MyFitnessTrecker;
			sourceTree = "<group>";
		};
		73E7BD012490BB6500C091B5 /* MyFitnessTreckerTests */ = {
			isa = PBXGroup;
			children = (
				73E7BD022490BB6500C091B5 /* MyFitnessTreckerTests.swift */,
				73E7BD042490BB6500C091B5 /* Info.plist */,
			);
			path = MyFitnessTreckerTests;
			sourceTree = "<group>";
		};
		73E7BD0C2490BB6500C091B5 /* MyFitnessTreckerUITests */ = {
			isa = PBXGroup;
			children = (
				73E7BD0D2490BB6500C091B5 /* MyFitnessTreckerUITests.swift */,
				73E7BD0F2490BB6500C091B5 /* Info.plist */,
			);
			path = MyFitnessTreckerUITests;
			sourceTree = "<group>";
		};
		73E7BD1B2490CA7A00C091B5 /* App */ = {
			isa = PBXGroup;
			children = (
				73E7BCEB2490BB5D00C091B5 /* AppDelegate.swift */,
				73E7BCED2490BB5D00C091B5 /* SceneDelegate.swift */,
				73E7BD1F2490CAB900C091B5 /* Flows */,
				73E7BD1E2490CAA900C091B5 /* Assembly */,
				73E7BD1D2490CAA200C091B5 /* Entity */,
				73E7BD1C2490CA9700C091B5 /* BusinessLogic */,
			);
			path = App;
			sourceTree = "<group>";
		};
		73E7BD1C2490CA9700C091B5 /* BusinessLogic */ = {
			isa = PBXGroup;
			children = (
				73E7BD372490CE5600C091B5 /* Networking */,
			);
			path = BusinessLogic;
			sourceTree = "<group>";
		};
		73E7BD1D2490CAA200C091B5 /* Entity */ = {
			isa = PBXGroup;
			children = (
			);
			path = Entity;
			sourceTree = "<group>";
		};
		73E7BD1E2490CAA900C091B5 /* Assembly */ = {
			isa = PBXGroup;
			children = (
			);
			path = Assembly;
			sourceTree = "<group>";
		};
		73E7BD1F2490CAB900C091B5 /* Flows */ = {
			isa = PBXGroup;
			children = (
				73E7BD262490CC3900C091B5 /* MapScreen */,
				73E7BD252490CC2800C091B5 /* Login */,
				73E7BD462490D09F00C091B5 /* LoginView.swift */,
				73E7BD232490CC2000C091B5 /* LoginViewController.swift */,
				73E7BD312490CCCF00C091B5 /* LoginViewPresenter.swift */,
				73E7BD332490CCD500C091B5 /* LoginViewRouter.swift */,
				73E7BD352490CCDA00C091B5 /* LoginViewAssembly.swift */,
			);
			path = Flows;
			sourceTree = "<group>";
		};
		73E7BD202490CAC300C091B5 /* Core */ = {
			isa = PBXGroup;
			children = (
				73E7BD482490D25A00C091B5 /* Constraints.swift */,
				73E7BD4A2490D75C00C091B5 /* UIView+Extension.swift */,
			);
			path = Core;
			sourceTree = "<group>";
		};
		73E7BD212490CACC00C091B5 /* Resourses */ = {
			isa = PBXGroup;
			children = (
				73E7BD4E2490FA9C00C091B5 /* center.png */,
				73E7BD522491066C00C091B5 /* go.png */,
				73E7BD5624911FA300C091B5 /* step.png */,
				73E7BCF42490BB6500C091B5 /* Assets.xcassets */,
				73E7BCF62490BB6500C091B5 /* LaunchScreen.storyboard */,
				73E7BD4C2490D78900C091B5 /* MapSnapShot.png */,
			);
			path = Resourses;
			sourceTree = "<group>";
		};
		73E7BD222490CADD00C091B5 /* Enviroments */ = {
			isa = PBXGroup;
			children = (
				73E7BCF92490BB6500C091B5 /* Info.plist */,
			);
			path = Enviroments;
			sourceTree = "<group>";
		};
		73E7BD252490CC2800C091B5 /* Login */ = {
			isa = PBXGroup;
			children = (
			);
			path = Login;
			sourceTree = "<group>";
		};
		73E7BD262490CC3900C091B5 /* MapScreen */ = {
			isa = PBXGroup;
			children = (
				73E7BD272490CC6300C091B5 /* MapViewController.swift */,
				73E7BD2B2490CCB900C091B5 /* MapViewPresenter.swift */,
				73E7BD2D2490CCC100C091B5 /* MapViewRouter.swift */,
				73E7BD292490CC9800C091B5 /* MapView.swift */,
				73E7BD2F2490CCC700C091B5 /* MapViewAssembly.swift */,
			);
			path = MapScreen;
			sourceTree = "<group>";
		};
		73E7BD372490CE5600C091B5 /* Networking */ = {
			isa = PBXGroup;
			children = (
				73E7BD382490CE5600C091B5 /* AbstractErrorParser.swift */,
				73E7BD392490CE5600C091B5 /* ErrorParser.swift */,
				73E7BD3A2490CE5600C091B5 /* RequestRouter.swift */,
				73E7BD3B2490CE5600C091B5 /* DataRequest.swift */,
				73E7BD422490CF4000C091B5 /* RequestFactory.swift */,
				73E7BD442490CFB900C091B5 /* Auth.swift */,
				73E7BD3C2490CE5600C091B5 /* AuthRequestFactory.swift */,
			);
			path = Networking;
			sourceTree = "<group>";
		};
		CF20E42CD36AD6E3A44AE0C4 /* Pods */ = {
			isa = PBXGroup;
			children = (
				D3ABBC8C1C211C511AC32380 /* Pods-MyFitnessTrecker.debug.xcconfig */,
				69B774B4DA42BDD490103FEF /* Pods-MyFitnessTrecker.release.xcconfig */,
				B9611AFEDBE4A253DE65F619 /* Pods-MyFitnessTrecker-MyFitnessTreckerUITests.debug.xcconfig */,
				369B6005B213E5036E43ECC2 /* Pods-MyFitnessTrecker-MyFitnessTreckerUITests.release.xcconfig */,
				68B7AFF8BB7E5B196D7F6610 /* Pods-MyFitnessTreckerTests.debug.xcconfig */,
				B63884E4D93398A25411A7DD /* Pods-MyFitnessTreckerTests.release.xcconfig */,
			);
			path = Pods;
			sourceTree = "<group>";
		};
/* End PBXGroup section */

/* Begin PBXNativeTarget section */
		73E7BCE72490BB5D00C091B5 /* MyFitnessTrecker */ = {
			isa = PBXNativeTarget;
			buildConfigurationList = 73E7BD122490BB6500C091B5 /* Build configuration list for PBXNativeTarget "MyFitnessTrecker" */;
			buildPhases = (
				D469FF7A1B73ED9F1C15E3A0 /* [CP] Check Pods Manifest.lock */,
				73E7BCE42490BB5D00C091B5 /* Sources */,
				73E7BCE52490BB5D00C091B5 /* Frameworks */,
				73E7BCE62490BB5D00C091B5 /* Resources */,
				5DF9BACA97A9B23AE9A5ED97 /* [CP] Copy Pods Resources */,
				8EBF4068F250FB96F45C60D3 /* [CP] Embed Pods Frameworks */,
			);
			buildRules = (
			);
			dependencies = (
			);
			name = MyFitnessTrecker;
			productName = MyFitnessTrecker;
			productReference = 73E7BCE82490BB5D00C091B5 /* MyFitnessTrecker.app */;
			productType = "com.apple.product-type.application";
		};
		73E7BCFD2490BB6500C091B5 /* MyFitnessTreckerTests */ = {
			isa = PBXNativeTarget;
			buildConfigurationList = 73E7BD152490BB6500C091B5 /* Build configuration list for PBXNativeTarget "MyFitnessTreckerTests" */;
			buildPhases = (
				3758DB63F2148BA0E8C4F4E0 /* [CP] Check Pods Manifest.lock */,
				73E7BCFA2490BB6500C091B5 /* Sources */,
				73E7BCFB2490BB6500C091B5 /* Frameworks */,
				73E7BCFC2490BB6500C091B5 /* Resources */,
			);
			buildRules = (
			);
			dependencies = (
				73E7BD002490BB6500C091B5 /* PBXTargetDependency */,
			);
			name = MyFitnessTreckerTests;
			productName = MyFitnessTreckerTests;
			productReference = 73E7BCFE2490BB6500C091B5 /* MyFitnessTreckerTests.xctest */;
			productType = "com.apple.product-type.bundle.unit-test";
		};
		73E7BD082490BB6500C091B5 /* MyFitnessTreckerUITests */ = {
			isa = PBXNativeTarget;
			buildConfigurationList = 73E7BD182490BB6500C091B5 /* Build configuration list for PBXNativeTarget "MyFitnessTreckerUITests" */;
			buildPhases = (
				F6A1F51385BA6D5655F7024D /* [CP] Check Pods Manifest.lock */,
				73E7BD052490BB6500C091B5 /* Sources */,
				73E7BD062490BB6500C091B5 /* Frameworks */,
				73E7BD072490BB6500C091B5 /* Resources */,
				E0768614CE3C64F9C6F8D951 /* [CP] Copy Pods Resources */,
				80BA0C9B11C755426670E1C2 /* [CP] Embed Pods Frameworks */,
			);
			buildRules = (
			);
			dependencies = (
				73E7BD0B2490BB6500C091B5 /* PBXTargetDependency */,
			);
			name = MyFitnessTreckerUITests;
			productName = MyFitnessTreckerUITests;
			productReference = 73E7BD092490BB6500C091B5 /* MyFitnessTreckerUITests.xctest */;
			productType = "com.apple.product-type.bundle.ui-testing";
		};
/* End PBXNativeTarget section */

/* Begin PBXProject section */
		73E7BCE02490BB5D00C091B5 /* Project object */ = {
			isa = PBXProject;
			attributes = {
				LastSwiftUpdateCheck = 1140;
				LastUpgradeCheck = 1140;
				ORGANIZATIONNAME = ios_Dev;
				TargetAttributes = {
					73E7BCE72490BB5D00C091B5 = {
						CreatedOnToolsVersion = 11.4.1;
					};
					73E7BCFD2490BB6500C091B5 = {
						CreatedOnToolsVersion = 11.4.1;
						TestTargetID = 73E7BCE72490BB5D00C091B5;
					};
					73E7BD082490BB6500C091B5 = {
						CreatedOnToolsVersion = 11.4.1;
						TestTargetID = 73E7BCE72490BB5D00C091B5;
					};
				};
			};
			buildConfigurationList = 73E7BCE32490BB5D00C091B5 /* Build configuration list for PBXProject "MyFitnessTrecker" */;
			compatibilityVersion = "Xcode 9.3";
			developmentRegion = en;
			hasScannedForEncodings = 0;
			knownRegions = (
				en,
				Base,
			);
			mainGroup = 73E7BCDF2490BB5D00C091B5;
			productRefGroup = 73E7BCE92490BB5D00C091B5 /* Products */;
			projectDirPath = "";
			projectRoot = "";
			targets = (
				73E7BCE72490BB5D00C091B5 /* MyFitnessTrecker */,
				73E7BCFD2490BB6500C091B5 /* MyFitnessTreckerTests */,
				73E7BD082490BB6500C091B5 /* MyFitnessTreckerUITests */,
			);
		};
/* End PBXProject section */

/* Begin PBXResourcesBuildPhase section */
		73E7BCE62490BB5D00C091B5 /* Resources */ = {
			isa = PBXResourcesBuildPhase;
			buildActionMask = 2147483647;
			files = (
				73E7BD532491066C00C091B5 /* go.png in Resources */,
				73E7BD4D2490D78900C091B5 /* MapSnapShot.png in Resources */,
				73E7BCF82490BB6500C091B5 /* LaunchScreen.storyboard in Resources */,
				73E7BCF52490BB6500C091B5 /* Assets.xcassets in Resources */,
				73E7BD5724911FA400C091B5 /* step.png in Resources */,
				73E7BD4F2490FA9C00C091B5 /* center.png in Resources */,
			);
			runOnlyForDeploymentPostprocessing = 0;
		};
		73E7BCFC2490BB6500C091B5 /* Resources */ = {
			isa = PBXResourcesBuildPhase;
			buildActionMask = 2147483647;
			files = (
			);
			runOnlyForDeploymentPostprocessing = 0;
		};
		73E7BD072490BB6500C091B5 /* Resources */ = {
			isa = PBXResourcesBuildPhase;
			buildActionMask = 2147483647;
			files = (
			);
			runOnlyForDeploymentPostprocessing = 0;
		};
/* End PBXResourcesBuildPhase section */

/* Begin PBXShellScriptBuildPhase section */
		3758DB63F2148BA0E8C4F4E0 /* [CP] Check Pods Manifest.lock */ = {
			isa = PBXShellScriptBuildPhase;
			buildActionMask = 2147483647;
			files = (
			);
			inputFileListPaths = (
			);
			inputPaths = (
				"${PODS_PODFILE_DIR_PATH}/Podfile.lock",
				"${PODS_ROOT}/Manifest.lock",
			);
			name = "[CP] Check Pods Manifest.lock";
			outputFileListPaths = (
			);
			outputPaths = (
				"$(DERIVED_FILE_DIR)/Pods-MyFitnessTreckerTests-checkManifestLockResult.txt",
			);
			runOnlyForDeploymentPostprocessing = 0;
			shellPath = /bin/sh;
			shellScript = "diff \"${PODS_PODFILE_DIR_PATH}/Podfile.lock\" \"${PODS_ROOT}/Manifest.lock\" > /dev/null\nif [ $? != 0 ] ; then\n    # print error to STDERR\n    echo \"error: The sandbox is not in sync with the Podfile.lock. Run 'pod install' or update your CocoaPods installation.\" >&2\n    exit 1\nfi\n# This output is used by Xcode 'outputs' to avoid re-running this script phase.\necho \"SUCCESS\" > \"${SCRIPT_OUTPUT_FILE_0}\"\n";
			showEnvVarsInLog = 0;
		};
		5DF9BACA97A9B23AE9A5ED97 /* [CP] Copy Pods Resources */ = {
			isa = PBXShellScriptBuildPhase;
			buildActionMask = 2147483647;
			files = (
			);
			inputFileListPaths = (
				"${PODS_ROOT}/Target Support Files/Pods-MyFitnessTrecker/Pods-MyFitnessTrecker-resources-${CONFIGURATION}-input-files.xcfilelist",
			);
			name = "[CP] Copy Pods Resources";
			outputFileListPaths = (
				"${PODS_ROOT}/Target Support Files/Pods-MyFitnessTrecker/Pods-MyFitnessTrecker-resources-${CONFIGURATION}-output-files.xcfilelist",
			);
			runOnlyForDeploymentPostprocessing = 0;
			shellPath = /bin/sh;
			shellScript = "\"${PODS_ROOT}/Target Support Files/Pods-MyFitnessTrecker/Pods-MyFitnessTrecker-resources.sh\"\n";
			showEnvVarsInLog = 0;
		};
		80BA0C9B11C755426670E1C2 /* [CP] Embed Pods Frameworks */ = {
			isa = PBXShellScriptBuildPhase;
			buildActionMask = 2147483647;
			files = (
			);
			inputFileListPaths = (
				"${PODS_ROOT}/Target Support Files/Pods-MyFitnessTrecker-MyFitnessTreckerUITests/Pods-MyFitnessTrecker-MyFitnessTreckerUITests-frameworks-${CONFIGURATION}-input-files.xcfilelist",
			);
			name = "[CP] Embed Pods Frameworks";
			outputFileListPaths = (
				"${PODS_ROOT}/Target Support Files/Pods-MyFitnessTrecker-MyFitnessTreckerUITests/Pods-MyFitnessTrecker-MyFitnessTreckerUITests-frameworks-${CONFIGURATION}-output-files.xcfilelist",
			);
			runOnlyForDeploymentPostprocessing = 0;
			shellPath = /bin/sh;
			shellScript = "\"${PODS_ROOT}/Target Support Files/Pods-MyFitnessTrecker-MyFitnessTreckerUITests/Pods-MyFitnessTrecker-MyFitnessTreckerUITests-frameworks.sh\"\n";
			showEnvVarsInLog = 0;
		};
		8EBF4068F250FB96F45C60D3 /* [CP] Embed Pods Frameworks */ = {
			isa = PBXShellScriptBuildPhase;
			buildActionMask = 2147483647;
			files = (
			);
			inputFileListPaths = (
				"${PODS_ROOT}/Target Support Files/Pods-MyFitnessTrecker/Pods-MyFitnessTrecker-frameworks-${CONFIGURATION}-input-files.xcfilelist",
			);
			name = "[CP] Embed Pods Frameworks";
			outputFileListPaths = (
				"${PODS_ROOT}/Target Support Files/Pods-MyFitnessTrecker/Pods-MyFitnessTrecker-frameworks-${CONFIGURATION}-output-files.xcfilelist",
			);
			runOnlyForDeploymentPostprocessing = 0;
			shellPath = /bin/sh;
			shellScript = "\"${PODS_ROOT}/Target Support Files/Pods-MyFitnessTrecker/Pods-MyFitnessTrecker-frameworks.sh\"\n";
			showEnvVarsInLog = 0;
		};
		D469FF7A1B73ED9F1C15E3A0 /* [CP] Check Pods Manifest.lock */ = {
			isa = PBXShellScriptBuildPhase;
			buildActionMask = 2147483647;
			files = (
			);
			inputFileListPaths = (
			);
			inputPaths = (
				"${PODS_PODFILE_DIR_PATH}/Podfile.lock",
				"${PODS_ROOT}/Manifest.lock",
			);
			name = "[CP] Check Pods Manifest.lock";
			outputFileListPaths = (
			);
			outputPaths = (
				"$(DERIVED_FILE_DIR)/Pods-MyFitnessTrecker-checkManifestLockResult.txt",
			);
			runOnlyForDeploymentPostprocessing = 0;
			shellPath = /bin/sh;
			shellScript = "diff \"${PODS_PODFILE_DIR_PATH}/Podfile.lock\" \"${PODS_ROOT}/Manifest.lock\" > /dev/null\nif [ $? != 0 ] ; then\n    # print error to STDERR\n    echo \"error: The sandbox is not in sync with the Podfile.lock. Run 'pod install' or update your CocoaPods installation.\" >&2\n    exit 1\nfi\n# This output is used by Xcode 'outputs' to avoid re-running this script phase.\necho \"SUCCESS\" > \"${SCRIPT_OUTPUT_FILE_0}\"\n";
			showEnvVarsInLog = 0;
		};
		E0768614CE3C64F9C6F8D951 /* [CP] Copy Pods Resources */ = {
			isa = PBXShellScriptBuildPhase;
			buildActionMask = 2147483647;
			files = (
			);
			inputFileListPaths = (
				"${PODS_ROOT}/Target Support Files/Pods-MyFitnessTrecker-MyFitnessTreckerUITests/Pods-MyFitnessTrecker-MyFitnessTreckerUITests-resources-${CONFIGURATION}-input-files.xcfilelist",
			);
			name = "[CP] Copy Pods Resources";
			outputFileListPaths = (
				"${PODS_ROOT}/Target Support Files/Pods-MyFitnessTrecker-MyFitnessTreckerUITests/Pods-MyFitnessTrecker-MyFitnessTreckerUITests-resources-${CONFIGURATION}-output-files.xcfilelist",
			);
			runOnlyForDeploymentPostprocessing = 0;
			shellPath = /bin/sh;
			shellScript = "\"${PODS_ROOT}/Target Support Files/Pods-MyFitnessTrecker-MyFitnessTreckerUITests/Pods-MyFitnessTrecker-MyFitnessTreckerUITests-resources.sh\"\n";
			showEnvVarsInLog = 0;
		};
		F6A1F51385BA6D5655F7024D /* [CP] Check Pods Manifest.lock */ = {
			isa = PBXShellScriptBuildPhase;
			buildActionMask = 2147483647;
			files = (
			);
			inputFileListPaths = (
			);
			inputPaths = (
				"${PODS_PODFILE_DIR_PATH}/Podfile.lock",
				"${PODS_ROOT}/Manifest.lock",
			);
			name = "[CP] Check Pods Manifest.lock";
			outputFileListPaths = (
			);
			outputPaths = (
				"$(DERIVED_FILE_DIR)/Pods-MyFitnessTrecker-MyFitnessTreckerUITests-checkManifestLockResult.txt",
			);
			runOnlyForDeploymentPostprocessing = 0;
			shellPath = /bin/sh;
			shellScript = "diff \"${PODS_PODFILE_DIR_PATH}/Podfile.lock\" \"${PODS_ROOT}/Manifest.lock\" > /dev/null\nif [ $? != 0 ] ; then\n    # print error to STDERR\n    echo \"error: The sandbox is not in sync with the Podfile.lock. Run 'pod install' or update your CocoaPods installation.\" >&2\n    exit 1\nfi\n# This output is used by Xcode 'outputs' to avoid re-running this script phase.\necho \"SUCCESS\" > \"${SCRIPT_OUTPUT_FILE_0}\"\n";
			showEnvVarsInLog = 0;
		};
/* End PBXShellScriptBuildPhase section */

/* Begin PBXSourcesBuildPhase section */
		73E7BCE42490BB5D00C091B5 /* Sources */ = {
			isa = PBXSourcesBuildPhase;
			buildActionMask = 2147483647;
			files = (
				73E7BD342490CCD500C091B5 /* LoginViewRouter.swift in Sources */,
				73E7BD242490CC2000C091B5 /* LoginViewController.swift in Sources */,
				73E7BD432490CF4000C091B5 /* RequestFactory.swift in Sources */,
				73E7BD3F2490CE5600C091B5 /* RequestRouter.swift in Sources */,
				73E7BD302490CCC700C091B5 /* MapViewAssembly.swift in Sources */,
				73E7BD3E2490CE5600C091B5 /* ErrorParser.swift in Sources */,
				73E7BD3D2490CE5600C091B5 /* AbstractErrorParser.swift in Sources */,
				73E7BD412490CE5600C091B5 /* AuthRequestFactory.swift in Sources */,
				73E7BD402490CE5600C091B5 /* DataRequest.swift in Sources */,
				73E7BCEC2490BB5D00C091B5 /* AppDelegate.swift in Sources */,
				73E7BD2C2490CCB900C091B5 /* MapViewPresenter.swift in Sources */,
				73E7BD362490CCDA00C091B5 /* LoginViewAssembly.swift in Sources */,
				73E7BD492490D25A00C091B5 /* Constraints.swift in Sources */,
				73E7BD2A2490CC9800C091B5 /* MapView.swift in Sources */,
				73E7BCEE2490BB5D00C091B5 /* SceneDelegate.swift in Sources */,
				73E7BD4B2490D75C00C091B5 /* UIView+Extension.swift in Sources */,
				73E7BD2E2490CCC100C091B5 /* MapViewRouter.swift in Sources */,
				73E7BD282490CC6300C091B5 /* MapViewController.swift in Sources */,
				73E7BD472490D09F00C091B5 /* LoginView.swift in Sources */,
				73E7BD322490CCCF00C091B5 /* LoginViewPresenter.swift in Sources */,
				73E7BD452490CFB900C091B5 /* Auth.swift in Sources */,
			);
			runOnlyForDeploymentPostprocessing = 0;
		};
		73E7BCFA2490BB6500C091B5 /* Sources */ = {
			isa = PBXSourcesBuildPhase;
			buildActionMask = 2147483647;
			files = (
				73E7BD032490BB6500C091B5 /* MyFitnessTreckerTests.swift in Sources */,
			);
			runOnlyForDeploymentPostprocessing = 0;
		};
		73E7BD052490BB6500C091B5 /* Sources */ = {
			isa = PBXSourcesBuildPhase;
			buildActionMask = 2147483647;
			files = (
				73E7BD0E2490BB6500C091B5 /* MyFitnessTreckerUITests.swift in Sources */,
			);
			runOnlyForDeploymentPostprocessing = 0;
		};
/* End PBXSourcesBuildPhase section */

/* Begin PBXTargetDependency section */
		73E7BD002490BB6500C091B5 /* PBXTargetDependency */ = {
			isa = PBXTargetDependency;
			target = 73E7BCE72490BB5D00C091B5 /* MyFitnessTrecker */;
			targetProxy = 73E7BCFF2490BB6500C091B5 /* PBXContainerItemProxy */;
		};
		73E7BD0B2490BB6500C091B5 /* PBXTargetDependency */ = {
			isa = PBXTargetDependency;
			target = 73E7BCE72490BB5D00C091B5 /* MyFitnessTrecker */;
			targetProxy = 73E7BD0A2490BB6500C091B5 /* PBXContainerItemProxy */;
		};
/* End PBXTargetDependency section */

/* Begin PBXVariantGroup section */
		73E7BCF62490BB6500C091B5 /* LaunchScreen.storyboard */ = {
			isa = PBXVariantGroup;
			children = (
				73E7BCF72490BB6500C091B5 /* Base */,
			);
			name = LaunchScreen.storyboard;
			sourceTree = "<group>";
		};
/* End PBXVariantGroup section */

/* Begin XCBuildConfiguration section */
		73E7BD102490BB6500C091B5 /* Debug */ = {
			isa = XCBuildConfiguration;
			buildSettings = {
				ALWAYS_SEARCH_USER_PATHS = NO;
				CLANG_ANALYZER_NONNULL = YES;
				CLANG_ANALYZER_NUMBER_OBJECT_CONVERSION = YES_AGGRESSIVE;
				CLANG_CXX_LANGUAGE_STANDARD = "gnu++14";
				CLANG_CXX_LIBRARY = "libc++";
				CLANG_ENABLE_MODULES = YES;
				CLANG_ENABLE_OBJC_ARC = YES;
				CLANG_ENABLE_OBJC_WEAK = YES;
				CLANG_WARN_BLOCK_CAPTURE_AUTORELEASING = YES;
				CLANG_WARN_BOOL_CONVERSION = YES;
				CLANG_WARN_COMMA = YES;
				CLANG_WARN_CONSTANT_CONVERSION = YES;
				CLANG_WARN_DEPRECATED_OBJC_IMPLEMENTATIONS = YES;
				CLANG_WARN_DIRECT_OBJC_ISA_USAGE = YES_ERROR;
				CLANG_WARN_DOCUMENTATION_COMMENTS = YES;
				CLANG_WARN_EMPTY_BODY = YES;
				CLANG_WARN_ENUM_CONVERSION = YES;
				CLANG_WARN_INFINITE_RECURSION = YES;
				CLANG_WARN_INT_CONVERSION = YES;
				CLANG_WARN_NON_LITERAL_NULL_CONVERSION = YES;
				CLANG_WARN_OBJC_IMPLICIT_RETAIN_SELF = YES;
				CLANG_WARN_OBJC_LITERAL_CONVERSION = YES;
				CLANG_WARN_OBJC_ROOT_CLASS = YES_ERROR;
				CLANG_WARN_RANGE_LOOP_ANALYSIS = YES;
				CLANG_WARN_STRICT_PROTOTYPES = YES;
				CLANG_WARN_SUSPICIOUS_MOVE = YES;
				CLANG_WARN_UNGUARDED_AVAILABILITY = YES_AGGRESSIVE;
				CLANG_WARN_UNREACHABLE_CODE = YES;
				CLANG_WARN__DUPLICATE_METHOD_MATCH = YES;
				COPY_PHASE_STRIP = NO;
				DEBUG_INFORMATION_FORMAT = dwarf;
				ENABLE_STRICT_OBJC_MSGSEND = YES;
				ENABLE_TESTABILITY = YES;
				GCC_C_LANGUAGE_STANDARD = gnu11;
				GCC_DYNAMIC_NO_PIC = NO;
				GCC_NO_COMMON_BLOCKS = YES;
				GCC_OPTIMIZATION_LEVEL = 0;
				GCC_PREPROCESSOR_DEFINITIONS = (
					"DEBUG=1",
					"$(inherited)",
				);
				GCC_WARN_64_TO_32_BIT_CONVERSION = YES;
				GCC_WARN_ABOUT_RETURN_TYPE = YES_ERROR;
				GCC_WARN_UNDECLARED_SELECTOR = YES;
				GCC_WARN_UNINITIALIZED_AUTOS = YES_AGGRESSIVE;
				GCC_WARN_UNUSED_FUNCTION = YES;
				GCC_WARN_UNUSED_VARIABLE = YES;
				IPHONEOS_DEPLOYMENT_TARGET = 13.4;
				MTL_ENABLE_DEBUG_INFO = INCLUDE_SOURCE;
				MTL_FAST_MATH = YES;
				ONLY_ACTIVE_ARCH = YES;
				SDKROOT = iphoneos;
				SWIFT_ACTIVE_COMPILATION_CONDITIONS = DEBUG;
				SWIFT_OPTIMIZATION_LEVEL = "-Onone";
			};
			name = Debug;
		};
		73E7BD112490BB6500C091B5 /* Release */ = {
			isa = XCBuildConfiguration;
			buildSettings = {
				ALWAYS_SEARCH_USER_PATHS = NO;
				CLANG_ANALYZER_NONNULL = YES;
				CLANG_ANALYZER_NUMBER_OBJECT_CONVERSION = YES_AGGRESSIVE;
				CLANG_CXX_LANGUAGE_STANDARD = "gnu++14";
				CLANG_CXX_LIBRARY = "libc++";
				CLANG_ENABLE_MODULES = YES;
				CLANG_ENABLE_OBJC_ARC = YES;
				CLANG_ENABLE_OBJC_WEAK = YES;
				CLANG_WARN_BLOCK_CAPTURE_AUTORELEASING = YES;
				CLANG_WARN_BOOL_CONVERSION = YES;
				CLANG_WARN_COMMA = YES;
				CLANG_WARN_CONSTANT_CONVERSION = YES;
				CLANG_WARN_DEPRECATED_OBJC_IMPLEMENTATIONS = YES;
				CLANG_WARN_DIRECT_OBJC_ISA_USAGE = YES_ERROR;
				CLANG_WARN_DOCUMENTATION_COMMENTS = YES;
				CLANG_WARN_EMPTY_BODY = YES;
				CLANG_WARN_ENUM_CONVERSION = YES;
				CLANG_WARN_INFINITE_RECURSION = YES;
				CLANG_WARN_INT_CONVERSION = YES;
				CLANG_WARN_NON_LITERAL_NULL_CONVERSION = YES;
				CLANG_WARN_OBJC_IMPLICIT_RETAIN_SELF = YES;
				CLANG_WARN_OBJC_LITERAL_CONVERSION = YES;
				CLANG_WARN_OBJC_ROOT_CLASS = YES_ERROR;
				CLANG_WARN_RANGE_LOOP_ANALYSIS = YES;
				CLANG_WARN_STRICT_PROTOTYPES = YES;
				CLANG_WARN_SUSPICIOUS_MOVE = YES;
				CLANG_WARN_UNGUARDED_AVAILABILITY = YES_AGGRESSIVE;
				CLANG_WARN_UNREACHABLE_CODE = YES;
				CLANG_WARN__DUPLICATE_METHOD_MATCH = YES;
				COPY_PHASE_STRIP = NO;
				DEBUG_INFORMATION_FORMAT = "dwarf-with-dsym";
				ENABLE_NS_ASSERTIONS = NO;
				ENABLE_STRICT_OBJC_MSGSEND = YES;
				GCC_C_LANGUAGE_STANDARD = gnu11;
				GCC_NO_COMMON_BLOCKS = YES;
				GCC_WARN_64_TO_32_BIT_CONVERSION = YES;
				GCC_WARN_ABOUT_RETURN_TYPE = YES_ERROR;
				GCC_WARN_UNDECLARED_SELECTOR = YES;
				GCC_WARN_UNINITIALIZED_AUTOS = YES_AGGRESSIVE;
				GCC_WARN_UNUSED_FUNCTION = YES;
				GCC_WARN_UNUSED_VARIABLE = YES;
				IPHONEOS_DEPLOYMENT_TARGET = 13.4;
				MTL_ENABLE_DEBUG_INFO = NO;
				MTL_FAST_MATH = YES;
				SDKROOT = iphoneos;
				SWIFT_COMPILATION_MODE = wholemodule;
				SWIFT_OPTIMIZATION_LEVEL = "-O";
				VALIDATE_PRODUCT = YES;
			};
			name = Release;
		};
		73E7BD132490BB6500C091B5 /* Debug */ = {
			isa = XCBuildConfiguration;
			baseConfigurationReference = D3ABBC8C1C211C511AC32380 /* Pods-MyFitnessTrecker.debug.xcconfig */;
			buildSettings = {
				ASSETCATALOG_COMPILER_APPICON_NAME = AppIcon;
				CODE_SIGN_STYLE = Automatic;
				DEVELOPMENT_TEAM = 7Y46MAFM54;
				INFOPLIST_FILE = "$(SRCROOT)/MyFitnessTrecker/Enviroments/Info.plist";
				LD_RUNPATH_SEARCH_PATHS = (
					"$(inherited)",
					"@executable_path/Frameworks",
				);
				PRODUCT_BUNDLE_IDENTIFIER = com.MyFitnessTrecker;
				PRODUCT_NAME = "$(TARGET_NAME)";
				SWIFT_VERSION = 5.0;
				TARGETED_DEVICE_FAMILY = "1,2";
			};
			name = Debug;
		};
		73E7BD142490BB6500C091B5 /* Release */ = {
			isa = XCBuildConfiguration;
			baseConfigurationReference = 69B774B4DA42BDD490103FEF /* Pods-MyFitnessTrecker.release.xcconfig */;
			buildSettings = {
				ASSETCATALOG_COMPILER_APPICON_NAME = AppIcon;
				CODE_SIGN_STYLE = Automatic;
				DEVELOPMENT_TEAM = 7Y46MAFM54;
				INFOPLIST_FILE = "$(SRCROOT)/MyFitnessTrecker/Enviroments/Info.plist";
				LD_RUNPATH_SEARCH_PATHS = (
					"$(inherited)",
					"@executable_path/Frameworks",
				);
				PRODUCT_BUNDLE_IDENTIFIER = com.MyFitnessTrecker;
				PRODUCT_NAME = "$(TARGET_NAME)";
				SWIFT_VERSION = 5.0;
				TARGETED_DEVICE_FAMILY = "1,2";
			};
			name = Release;
		};
		73E7BD162490BB6500C091B5 /* Debug */ = {
			isa = XCBuildConfiguration;
			baseConfigurationReference = 68B7AFF8BB7E5B196D7F6610 /* Pods-MyFitnessTreckerTests.debug.xcconfig */;
			buildSettings = {
				ALWAYS_EMBED_SWIFT_STANDARD_LIBRARIES = YES;
				BUNDLE_LOADER = "$(TEST_HOST)";
				CODE_SIGN_STYLE = Automatic;
				DEVELOPMENT_TEAM = 7Y46MAFM54;
				INFOPLIST_FILE = MyFitnessTreckerTests/Info.plist;
				IPHONEOS_DEPLOYMENT_TARGET = 13.4;
				LD_RUNPATH_SEARCH_PATHS = (
					"$(inherited)",
					"@executable_path/Frameworks",
					"@loader_path/Frameworks",
				);
				PRODUCT_BUNDLE_IDENTIFIER = com.MyFitnessTreckerTests;
				PRODUCT_NAME = "$(TARGET_NAME)";
				SWIFT_VERSION = 5.0;
				TARGETED_DEVICE_FAMILY = "1,2";
				TEST_HOST = "$(BUILT_PRODUCTS_DIR)/MyFitnessTrecker.app/MyFitnessTrecker";
			};
			name = Debug;
		};
		73E7BD172490BB6500C091B5 /* Release */ = {
			isa = XCBuildConfiguration;
			baseConfigurationReference = B63884E4D93398A25411A7DD /* Pods-MyFitnessTreckerTests.release.xcconfig */;
			buildSettings = {
				ALWAYS_EMBED_SWIFT_STANDARD_LIBRARIES = YES;
				BUNDLE_LOADER = "$(TEST_HOST)";
				CODE_SIGN_STYLE = Automatic;
				DEVELOPMENT_TEAM = 7Y46MAFM54;
				INFOPLIST_FILE = MyFitnessTreckerTests/Info.plist;
				IPHONEOS_DEPLOYMENT_TARGET = 13.4;
				LD_RUNPATH_SEARCH_PATHS = (
					"$(inherited)",
					"@executable_path/Frameworks",
					"@loader_path/Frameworks",
				);
				PRODUCT_BUNDLE_IDENTIFIER = com.MyFitnessTreckerTests;
				PRODUCT_NAME = "$(TARGET_NAME)";
				SWIFT_VERSION = 5.0;
				TARGETED_DEVICE_FAMILY = "1,2";
				TEST_HOST = "$(BUILT_PRODUCTS_DIR)/MyFitnessTrecker.app/MyFitnessTrecker";
			};
			name = Release;
		};
		73E7BD192490BB6500C091B5 /* Debug */ = {
			isa = XCBuildConfiguration;
			baseConfigurationReference = B9611AFEDBE4A253DE65F619 /* Pods-MyFitnessTrecker-MyFitnessTreckerUITests.debug.xcconfig */;
			buildSettings = {
				ALWAYS_EMBED_SWIFT_STANDARD_LIBRARIES = YES;
				CODE_SIGN_STYLE = Automatic;
				DEVELOPMENT_TEAM = 7Y46MAFM54;
				INFOPLIST_FILE = MyFitnessTreckerUITests/Info.plist;
				LD_RUNPATH_SEARCH_PATHS = (
					"$(inherited)",
					"@executable_path/Frameworks",
					"@loader_path/Frameworks",
				);
				PRODUCT_BUNDLE_IDENTIFIER = com.MyFitnessTreckerUITests;
				PRODUCT_NAME = "$(TARGET_NAME)";
				SWIFT_VERSION = 5.0;
				TARGETED_DEVICE_FAMILY = "1,2";
				TEST_TARGET_NAME = MyFitnessTrecker;
			};
			name = Debug;
		};
		73E7BD1A2490BB6500C091B5 /* Release */ = {
			isa = XCBuildConfiguration;
			baseConfigurationReference = 369B6005B213E5036E43ECC2 /* Pods-MyFitnessTrecker-MyFitnessTreckerUITests.release.xcconfig */;
			buildSettings = {
				ALWAYS_EMBED_SWIFT_STANDARD_LIBRARIES = YES;
				CODE_SIGN_STYLE = Automatic;
				DEVELOPMENT_TEAM = 7Y46MAFM54;
				INFOPLIST_FILE = MyFitnessTreckerUITests/Info.plist;
				LD_RUNPATH_SEARCH_PATHS = (
					"$(inherited)",
					"@executable_path/Frameworks",
					"@loader_path/Frameworks",
				);
				PRODUCT_BUNDLE_IDENTIFIER = com.MyFitnessTreckerUITests;
				PRODUCT_NAME = "$(TARGET_NAME)";
				SWIFT_VERSION = 5.0;
				TARGETED_DEVICE_FAMILY = "1,2";
				TEST_TARGET_NAME = MyFitnessTrecker;
			};
			name = Release;
		};
/* End XCBuildConfiguration section */

/* Begin XCConfigurationList section */
		73E7BCE32490BB5D00C091B5 /* Build configuration list for PBXProject "MyFitnessTrecker" */ = {
			isa = XCConfigurationList;
			buildConfigurations = (
				73E7BD102490BB6500C091B5 /* Debug */,
				73E7BD112490BB6500C091B5 /* Release */,
			);
			defaultConfigurationIsVisible = 0;
			defaultConfigurationName = Release;
		};
		73E7BD122490BB6500C091B5 /* Build configuration list for PBXNativeTarget "MyFitnessTrecker" */ = {
			isa = XCConfigurationList;
			buildConfigurations = (
				73E7BD132490BB6500C091B5 /* Debug */,
				73E7BD142490BB6500C091B5 /* Release */,
			);
			defaultConfigurationIsVisible = 0;
			defaultConfigurationName = Release;
		};
		73E7BD152490BB6500C091B5 /* Build configuration list for PBXNativeTarget "MyFitnessTreckerTests" */ = {
			isa = XCConfigurationList;
			buildConfigurations = (
				73E7BD162490BB6500C091B5 /* Debug */,
				73E7BD172490BB6500C091B5 /* Release */,
			);
			defaultConfigurationIsVisible = 0;
			defaultConfigurationName = Release;
		};
		73E7BD182490BB6500C091B5 /* Build configuration list for PBXNativeTarget "MyFitnessTreckerUITests" */ = {
			isa = XCConfigurationList;
			buildConfigurations = (
				73E7BD192490BB6500C091B5 /* Debug */,
				73E7BD1A2490BB6500C091B5 /* Release */,
			);
			defaultConfigurationIsVisible = 0;
			defaultConfigurationName = Release;
		};
/* End XCConfigurationList section */
	};
	rootObject = 73E7BCE02490BB5D00C091B5 /* Project object */;
}
